// !$*UTF8*$!
{
	archiveVersion = 1;
	classes = {
	};
	objectVersion = 56;
	objects = {

/* Begin PBXBuildFile section */
		2713D14B2A822D800075E873 /* main.swift in Sources */ = {isa = PBXBuildFile; fileRef = 2713D14A2A822D800075E873 /* main.swift */; };
		2713D16F2A822E500075E873 /* FlywieghtApp.swift in Sources */ = {isa = PBXBuildFile; fileRef = 2713D16E2A822E500075E873 /* FlywieghtApp.swift */; };
		2713D1862A823FB60075E873 /* FlyweightUser.swift in Sources */ = {isa = PBXBuildFile; fileRef = 2713D1852A823FB60075E873 /* FlyweightUser.swift */; };
		2713D1882A823FC30075E873 /* FlyweightTeam.swift in Sources */ = {isa = PBXBuildFile; fileRef = 2713D1872A823FC30075E873 /* FlyweightTeam.swift */; };
		2713D18A2A823FF40075E873 /* FlyweightRole.swift in Sources */ = {isa = PBXBuildFile; fileRef = 2713D1892A823FF40075E873 /* FlyweightRole.swift */; };
		2713D18D2A82414E0075E873 /* StandardUser.swift in Sources */ = {isa = PBXBuildFile; fileRef = 2713D18C2A82414E0075E873 /* StandardUser.swift */; };
/* End PBXBuildFile section */

/* Begin PBXCopyFilesBuildPhase section */
		2713D1452A822D800075E873 /* CopyFiles */ = {
			isa = PBXCopyFilesBuildPhase;
			buildActionMask = 2147483647;
			dstPath = /usr/share/man/man1/;
			dstSubfolderSpec = 0;
			files = (
			);
			runOnlyForDeploymentPostprocessing = 1;
		};
/* End PBXCopyFilesBuildPhase section */

/* Begin PBXFileReference section */
		2713D1472A822D800075E873 /* Flyweight */ = {isa = PBXFileReference; explicitFileType = "compiled.mach-o.executable"; includeInIndex = 0; path = Flyweight; sourceTree = BUILT_PRODUCTS_DIR; };
		2713D14A2A822D800075E873 /* main.swift */ = {isa = PBXFileReference; lastKnownFileType = sourcecode.swift; path = main.swift; sourceTree = "<group>"; };
		2713D16E2A822E500075E873 /* FlywieghtApp.swift */ = {isa = PBXFileReference; lastKnownFileType = sourcecode.swift; path = FlywieghtApp.swift; sourceTree = "<group>"; };
		2713D1852A823FB60075E873 /* FlyweightUser.swift */ = {isa = PBXFileReference; lastKnownFileType = sourcecode.swift; path = FlyweightUser.swift; sourceTree = "<group>"; };
		2713D1872A823FC30075E873 /* FlyweightTeam.swift */ = {isa = PBXFileReference; lastKnownFileType = sourcecode.swift; path = FlyweightTeam.swift; sourceTree = "<group>"; };
		2713D1892A823FF40075E873 /* FlyweightRole.swift */ = {isa = PBXFileReference; lastKnownFileType = sourcecode.swift; path = FlyweightRole.swift; sourceTree = "<group>"; };
		2713D18C2A82414E0075E873 /* StandardUser.swift */ = {isa = PBXFileReference; lastKnownFileType = sourcecode.swift; path = StandardUser.swift; sourceTree = "<group>"; };
/* End PBXFileReference section */

/* Begin PBXFrameworksBuildPhase section */
		2713D1442A822D800075E873 /* Frameworks */ = {
			isa = PBXFrameworksBuildPhase;
			buildActionMask = 2147483647;
			files = (
			);
			runOnlyForDeploymentPostprocessing = 0;
		};
/* End PBXFrameworksBuildPhase section */

/* Begin PBXGroup section */
		2713D13E2A822D800075E873 = {
			isa = PBXGroup;
			children = (
				2713D1492A822D800075E873 /* Flyweight */,
				2713D1482A822D800075E873 /* Products */,
			);
			sourceTree = "<group>";
		};
		2713D1482A822D800075E873 /* Products */ = {
			isa = PBXGroup;
			children = (
				2713D1472A822D800075E873 /* Flyweight */,
			);
			name = Products;
			sourceTree = "<group>";
		};
		2713D1492A822D800075E873 /* Flyweight */ = {
			isa = PBXGroup;
			children = (
				2713D16D2A822E400075E873 /* App */,
				2713D1852A823FB60075E873 /* FlyweightUser.swift */,
				2713D1872A823FC30075E873 /* FlyweightTeam.swift */,
				2713D1892A823FF40075E873 /* FlyweightRole.swift */,
				2713D18C2A82414E0075E873 /* StandardUser.swift */,
			);
			path = Flyweight;
			sourceTree = "<group>";
		};
		2713D16D2A822E400075E873 /* App */ = {
			isa = PBXGroup;
			children = (
				2713D14A2A822D800075E873 /* main.swift */,
				2713D16E2A822E500075E873 /* FlywieghtApp.swift */,
			);
			path = App;
			sourceTree = "<group>";
		};
/* End PBXGroup section */

/* Begin PBXNativeTarget section */
		2713D1462A822D800075E873 /* Flyweight */ = {
			isa = PBXNativeTarget;
			buildConfigurationList = 2713D14E2A822D800075E873 /* Build configuration list for PBXNativeTarget "Flyweight" */;
			buildPhases = (
				2713D1432A822D800075E873 /* Sources */,
				2713D1442A822D800075E873 /* Frameworks */,
				2713D1452A822D800075E873 /* CopyFiles */,
			);
			buildRules = (
			);
			dependencies = (
			);
			name = Flyweight;
			productName = Flyweight;
			productReference = 2713D1472A822D800075E873 /* Flyweight */;
			productType = "com.apple.product-type.tool";
		};
/* End PBXNativeTarget section */

/* Begin PBXProject section */
		2713D13F2A822D800075E873 /* Project object */ = {
			isa = PBXProject;
			attributes = {
				BuildIndependentTargetsInParallel = 1;
				LastSwiftUpdateCheck = 1430;
				LastUpgradeCheck = 1430;
				TargetAttributes = {
					2713D1462A822D800075E873 = {
						CreatedOnToolsVersion = 14.3;
					};
				};
			};
			buildConfigurationList = 2713D1422A822D800075E873 /* Build configuration list for PBXProject "Flyweight" */;
			compatibilityVersion = "Xcode 14.0";
			developmentRegion = en;
			hasScannedForEncodings = 0;
			knownRegions = (
				en,
				Base,
			);
			mainGroup = 2713D13E2A822D800075E873;
			productRefGroup = 2713D1482A822D800075E873 /* Products */;
			projectDirPath = "";
			projectRoot = "";
			targets = (
				2713D1462A822D800075E873 /* Flyweight */,
			);
		};
/* End PBXProject section */

/* Begin PBXSourcesBuildPhase section */
		2713D1432A822D800075E873 /* Sources */ = {
			isa = PBXSourcesBuildPhase;
			buildActionMask = 2147483647;
			files = (
				2713D1882A823FC30075E873 /* FlyweightTeam.swift in Sources */,
				2713D14B2A822D800075E873 /* main.swift in Sources */,
				2713D18D2A82414E0075E873 /* StandardUser.swift in Sources */,
				2713D16F2A822E500075E873 /* FlywieghtApp.swift in Sources */,
				2713D1862A823FB60075E873 /* FlyweightUser.swift in Sources */,
				2713D18A2A823FF40075E873 /* FlyweightRole.swift in Sources */,
			);
			runOnlyForDeploymentPostprocessing = 0;
		};
/* End PBXSourcesBuildPhase section */

/* Begin XCBuildConfiguration section */
		2713D14C2A822D800075E873 /* Debug */ = {
			isa = XCBuildConfiguration;
			buildSettings = {
				ALWAYS_SEARCH_USER_PATHS = NO;
				CLANG_ANALYZER_NONNULL = YES;
				CLANG_ANALYZER_NUMBER_OBJECT_CONVERSION = YES_AGGRESSIVE;
				CLANG_CXX_LANGUAGE_STANDARD = "gnu++20";
				CLANG_ENABLE_MODULES = YES;
				CLANG_ENABLE_OBJC_ARC = YES;
				CLANG_ENABLE_OBJC_WEAK = YES;
				CLANG_WARN_BLOCK_CAPTURE_AUTORELEASING = YES;
				CLANG_WARN_BOOL_CONVERSION = YES;
				CLANG_WARN_COMMA = YES;
				CLANG_WARN_CONSTANT_CONVERSION = YES;
				CLANG_WARN_DEPRECATED_OBJC_IMPLEMENTATIONS = YES;
				CLANG_WARN_DIRECT_OBJC_ISA_USAGE = YES_ERROR;
				CLANG_WARN_DOCUMENTATION_COMMENTS = YES;
				CLANG_WARN_EMPTY_BODY = YES;
				CLANG_WARN_ENUM_CONVERSION = YES;
				CLANG_WARN_INFINITE_RECURSION = YES;
				CLANG_WARN_INT_CONVERSION = YES;
				CLANG_WARN_NON_LITERAL_NULL_CONVERSION = YES;
				CLANG_WARN_OBJC_IMPLICIT_RETAIN_SELF = YES;
				CLANG_WARN_OBJC_LITERAL_CONVERSION = YES;
				CLANG_WARN_OBJC_ROOT_CLASS = YES_ERROR;
				CLANG_WARN_QUOTED_INCLUDE_IN_FRAMEWORK_HEADER = YES;
				CLANG_WARN_RANGE_LOOP_ANALYSIS = YES;
				CLANG_WARN_STRICT_PROTOTYPES = YES;
				CLANG_WARN_SUSPICIOUS_MOVE = YES;
				CLANG_WARN_UNGUARDED_AVAILABILITY = YES_AGGRESSIVE;
				CLANG_WARN_UNREACHABLE_CODE = YES;
				CLANG_WARN__DUPLICATE_METHOD_MATCH = YES;
				COPY_PHASE_STRIP = NO;
				DEBUG_INFORMATION_FORMAT = dwarf;
				ENABLE_STRICT_OBJC_MSGSEND = YES;
				ENABLE_TESTABILITY = YES;
				GCC_C_LANGUAGE_STANDARD = gnu11;
				GCC_DYNAMIC_NO_PIC = NO;
				GCC_NO_COMMON_BLOCKS = YES;
				GCC_OPTIMIZATION_LEVEL = 0;
				GCC_PREPROCESSOR_DEFINITIONS = (
					"DEBUG=1",
					"$(inherited)",
				);
				GCC_WARN_64_TO_32_BIT_CONVERSION = YES;
				GCC_WARN_ABOUT_RETURN_TYPE = YES_ERROR;
				GCC_WARN_UNDECLARED_SELECTOR = YES;
				GCC_WARN_UNINITIALIZED_AUTOS = YES_AGGRESSIVE;
				GCC_WARN_UNUSED_FUNCTION = YES;
				GCC_WARN_UNUSED_VARIABLE = YES;
				MACOSX_DEPLOYMENT_TARGET = 13.3;
				MTL_ENABLE_DEBUG_INFO = INCLUDE_SOURCE;
				MTL_FAST_MATH = YES;
				ONLY_ACTIVE_ARCH = YES;
				SDKROOT = macosx;
				SWIFT_ACTIVE_COMPILATION_CONDITIONS = DEBUG;
				SWIFT_OPTIMIZATION_LEVEL = "-Onone";
			};
			name = Debug;
		};
		2713D14D2A822D800075E873 /* Release */ = {
			isa = XCBuildConfiguration;
			buildSettings = {
				ALWAYS_SEARCH_USER_PATHS = NO;
				CLANG_ANALYZER_NONNULL = YES;
				CLANG_ANALYZER_NUMBER_OBJECT_CONVERSION = YES_AGGRESSIVE;
				CLANG_CXX_LANGUAGE_STANDARD = "gnu++20";
				CLANG_ENABLE_MODULES = YES;
				CLANG_ENABLE_OBJC_ARC = YES;
				CLANG_ENABLE_OBJC_WEAK = YES;
				CLANG_WARN_BLOCK_CAPTURE_AUTORELEASING = YES;
				CLANG_WARN_BOOL_CONVERSION = YES;
				CLANG_WARN_COMMA = YES;
				CLANG_WARN_CONSTANT_CONVERSION = YES;
				CLANG_WARN_DEPRECATED_OBJC_IMPLEMENTATIONS = YES;
				CLANG_WARN_DIRECT_OBJC_ISA_USAGE = YES_ERROR;
				CLANG_WARN_DOCUMENTATION_COMMENTS = YES;
				CLANG_WARN_EMPTY_BODY = YES;
				CLANG_WARN_ENUM_CONVERSION = YES;
				CLANG_WARN_INFINITE_RECURSION = YES;
				CLANG_WARN_INT_CONVERSION = YES;
				CLANG_WARN_NON_LITERAL_NULL_CONVERSION = YES;
				CLANG_WARN_OBJC_IMPLICIT_RETAIN_SELF = YES;
				CLANG_WARN_OBJC_LITERAL_CONVERSION = YES;
				CLANG_WARN_OBJC_ROOT_CLASS = YES_ERROR;
				CLANG_WARN_QUOTED_INCLUDE_IN_FRAMEWORK_HEADER = YES;
				CLANG_WARN_RANGE_LOOP_ANALYSIS = YES;
				CLANG_WARN_STRICT_PROTOTYPES = YES;
				CLANG_WARN_SUSPICIOUS_MOVE = YES;
				CLANG_WARN_UNGUARDED_AVAILABILITY = YES_AGGRESSIVE;
				CLANG_WARN_UNREACHABLE_CODE = YES;
				CLANG_WARN__DUPLICATE_METHOD_MATCH = YES;
				COPY_PHASE_STRIP = NO;
				DEBUG_INFORMATION_FORMAT = "dwarf-with-dsym";
				ENABLE_NS_ASSERTIONS = NO;
				ENABLE_STRICT_OBJC_MSGSEND = YES;
				GCC_C_LANGUAGE_STANDARD = gnu11;
				GCC_NO_COMMON_BLOCKS = YES;
				GCC_WARN_64_TO_32_BIT_CONVERSION = YES;
				GCC_WARN_ABOUT_RETURN_TYPE = YES_ERROR;
				GCC_WARN_UNDECLARED_SELECTOR = YES;
				GCC_WARN_UNINITIALIZED_AUTOS = YES_AGGRESSIVE;
				GCC_WARN_UNUSED_FUNCTION = YES;
				GCC_WARN_UNUSED_VARIABLE = YES;
				MACOSX_DEPLOYMENT_TARGET = 13.3;
				MTL_ENABLE_DEBUG_INFO = NO;
				MTL_FAST_MATH = YES;
				SDKROOT = macosx;
				SWIFT_COMPILATION_MODE = wholemodule;
				SWIFT_OPTIMIZATION_LEVEL = "-O";
			};
			name = Release;
		};
		2713D14F2A822D800075E873 /* Debug */ = {
			isa = XCBuildConfiguration;
			buildSettings = {
				CODE_SIGN_STYLE = Automatic;
				PRODUCT_NAME = "$(TARGET_NAME)";
				SWIFT_VERSION = 5.0;
			};
			name = Debug;
		};
		2713D1502A822D800075E873 /* Release */ = {
			isa = XCBuildConfiguration;
			buildSettings = {
				CODE_SIGN_STYLE = Automatic;
				PRODUCT_NAME = "$(TARGET_NAME)";
				SWIFT_VERSION = 5.0;
			};
			name = Release;
		};
/* End XCBuildConfiguration section */

/* Begin XCConfigurationList section */
		2713D1422A822D800075E873 /* Build configuration list for PBXProject "Flyweight" */ = {
			isa = XCConfigurationList;
			buildConfigurations = (
				2713D14C2A822D800075E873 /* Debug */,
				2713D14D2A822D800075E873 /* Release */,
			);
			defaultConfigurationIsVisible = 0;
			defaultConfigurationName = Release;
		};
		2713D14E2A822D800075E873 /* Build configuration list for PBXNativeTarget "Flyweight" */ = {
			isa = XCConfigurationList;
			buildConfigurations = (
				2713D14F2A822D800075E873 /* Debug */,
				2713D1502A822D800075E873 /* Release */,
			);
			defaultConfigurationIsVisible = 0;
			defaultConfigurationName = Release;
		};
/* End XCConfigurationList section */
	};
	rootObject = 2713D13F2A822D800075E873 /* Project object */;
}
