// !$*UTF8*$!
{
	archiveVersion = 1;
	classes = {
	};
	objectVersion = 56;
	objects = {

/* Begin PBXBuildFile section */
		278DDA4C2A0E85E700BD7CB1 /* main.swift in Sources */ = {isa = PBXBuildFile; fileRef = 278DDA4B2A0E85E700BD7CB1 /* main.swift */; };
		278DDA532A0E873000BD7CB1 /* AdapterApp.swift in Sources */ = {isa = PBXBuildFile; fileRef = 278DDA522A0E873000BD7CB1 /* AdapterApp.swift */; };
		278DDA592A0E87E100BD7CB1 /* Vehicle.swift in Sources */ = {isa = PBXBuildFile; fileRef = 278DDA552A0E87E000BD7CB1 /* Vehicle.swift */; };
		278DDA5A2A0E87E100BD7CB1 /* SpaceShip.swift in Sources */ = {isa = PBXBuildFile; fileRef = 278DDA562A0E87E000BD7CB1 /* SpaceShip.swift */; };
		278DDA5B2A0E87E100BD7CB1 /* SpaceShipClassAdapter.swift in Sources */ = {isa = PBXBuildFile; fileRef = 278DDA572A0E87E000BD7CB1 /* SpaceShipClassAdapter.swift */; };
		278DDA5C2A0E87E100BD7CB1 /* SpaceShipObjectAdapter.swift in Sources */ = {isa = PBXBuildFile; fileRef = 278DDA582A0E87E000BD7CB1 /* SpaceShipObjectAdapter.swift */; };
/* End PBXBuildFile section */

/* Begin PBXCopyFilesBuildPhase section */
		278DDA462A0E85E700BD7CB1 /* CopyFiles */ = {
			isa = PBXCopyFilesBuildPhase;
			buildActionMask = 2147483647;
			dstPath = /usr/share/man/man1/;
			dstSubfolderSpec = 0;
			files = (
			);
			runOnlyForDeploymentPostprocessing = 1;
		};
/* End PBXCopyFilesBuildPhase section */

/* Begin PBXFileReference section */
		278DDA482A0E85E700BD7CB1 /* Adapter */ = {isa = PBXFileReference; explicitFileType = "compiled.mach-o.executable"; includeInIndex = 0; path = Adapter; sourceTree = BUILT_PRODUCTS_DIR; };
		278DDA4B2A0E85E700BD7CB1 /* main.swift */ = {isa = PBXFileReference; lastKnownFileType = sourcecode.swift; path = main.swift; sourceTree = "<group>"; };
		278DDA522A0E873000BD7CB1 /* AdapterApp.swift */ = {isa = PBXFileReference; lastKnownFileType = sourcecode.swift; path = AdapterApp.swift; sourceTree = "<group>"; };
		278DDA552A0E87E000BD7CB1 /* Vehicle.swift */ = {isa = PBXFileReference; fileEncoding = 4; lastKnownFileType = sourcecode.swift; path = Vehicle.swift; sourceTree = "<group>"; };
		278DDA562A0E87E000BD7CB1 /* SpaceShip.swift */ = {isa = PBXFileReference; fileEncoding = 4; lastKnownFileType = sourcecode.swift; path = SpaceShip.swift; sourceTree = "<group>"; };
		278DDA572A0E87E000BD7CB1 /* SpaceShipClassAdapter.swift */ = {isa = PBXFileReference; fileEncoding = 4; lastKnownFileType = sourcecode.swift; path = SpaceShipClassAdapter.swift; sourceTree = "<group>"; };
		278DDA582A0E87E000BD7CB1 /* SpaceShipObjectAdapter.swift */ = {isa = PBXFileReference; fileEncoding = 4; lastKnownFileType = sourcecode.swift; path = SpaceShipObjectAdapter.swift; sourceTree = "<group>"; };
/* End PBXFileReference section */

/* Begin PBXFrameworksBuildPhase section */
		278DDA452A0E85E700BD7CB1 /* Frameworks */ = {
			isa = PBXFrameworksBuildPhase;
			buildActionMask = 2147483647;
			files = (
			);
			runOnlyForDeploymentPostprocessing = 0;
		};
/* End PBXFrameworksBuildPhase section */

/* Begin PBXGroup section */
		278DDA3F2A0E85E700BD7CB1 = {
			isa = PBXGroup;
			children = (
				278DDA4A2A0E85E700BD7CB1 /* Adapter */,
				278DDA492A0E85E700BD7CB1 /* Products */,
			);
			sourceTree = "<group>";
		};
		278DDA492A0E85E700BD7CB1 /* Products */ = {
			isa = PBXGroup;
			children = (
				278DDA482A0E85E700BD7CB1 /* Adapter */,
			);
			name = Products;
			sourceTree = "<group>";
		};
		278DDA4A2A0E85E700BD7CB1 /* Adapter */ = {
			isa = PBXGroup;
			children = (
				278DDA5E2A0E8B4A00BD7CB1 /* Adapter */,
				278DDA5D2A0E8B3600BD7CB1 /* App */,
				278DDA542A0E87E000BD7CB1 /* BaseClasses */,
			);
			path = Adapter;
			sourceTree = "<group>";
		};
		278DDA542A0E87E000BD7CB1 /* BaseClasses */ = {
			isa = PBXGroup;
			children = (
				278DDA552A0E87E000BD7CB1 /* Vehicle.swift */,
				278DDA562A0E87E000BD7CB1 /* SpaceShip.swift */,
			);
			path = BaseClasses;
			sourceTree = "<group>";
		};
		278DDA5D2A0E8B3600BD7CB1 /* App */ = {
			isa = PBXGroup;
			children = (
				278DDA4B2A0E85E700BD7CB1 /* main.swift */,
				278DDA522A0E873000BD7CB1 /* AdapterApp.swift */,
			);
			path = App;
			sourceTree = "<group>";
		};
		278DDA5E2A0E8B4A00BD7CB1 /* Adapter */ = {
			isa = PBXGroup;
			children = (
				278DDA572A0E87E000BD7CB1 /* SpaceShipClassAdapter.swift */,
				278DDA582A0E87E000BD7CB1 /* SpaceShipObjectAdapter.swift */,
			);
			path = Adapter;
			sourceTree = "<group>";
		};
/* End PBXGroup section */

/* Begin PBXNativeTarget section */
		278DDA472A0E85E700BD7CB1 /* Adapter */ = {
			isa = PBXNativeTarget;
			buildConfigurationList = 278DDA4F2A0E85E700BD7CB1 /* Build configuration list for PBXNativeTarget "Adapter" */;
			buildPhases = (
				278DDA442A0E85E700BD7CB1 /* Sources */,
				278DDA452A0E85E700BD7CB1 /* Frameworks */,
				278DDA462A0E85E700BD7CB1 /* CopyFiles */,
			);
			buildRules = (
			);
			dependencies = (
			);
			name = Adapter;
			productName = Adapter;
			productReference = 278DDA482A0E85E700BD7CB1 /* Adapter */;
			productType = "com.apple.product-type.tool";
		};
/* End PBXNativeTarget section */

/* Begin PBXProject section */
		278DDA402A0E85E700BD7CB1 /* Project object */ = {
			isa = PBXProject;
			attributes = {
				BuildIndependentTargetsInParallel = 1;
				LastSwiftUpdateCheck = 1430;
				LastUpgradeCheck = 1430;
				TargetAttributes = {
					278DDA472A0E85E700BD7CB1 = {
						CreatedOnToolsVersion = 14.3;
					};
				};
			};
			buildConfigurationList = 278DDA432A0E85E700BD7CB1 /* Build configuration list for PBXProject "Adapter" */;
			compatibilityVersion = "Xcode 14.0";
			developmentRegion = en;
			hasScannedForEncodings = 0;
			knownRegions = (
				en,
				Base,
			);
			mainGroup = 278DDA3F2A0E85E700BD7CB1;
			productRefGroup = 278DDA492A0E85E700BD7CB1 /* Products */;
			projectDirPath = "";
			projectRoot = "";
			targets = (
				278DDA472A0E85E700BD7CB1 /* Adapter */,
			);
		};
/* End PBXProject section */

/* Begin PBXSourcesBuildPhase section */
		278DDA442A0E85E700BD7CB1 /* Sources */ = {
			isa = PBXSourcesBuildPhase;
			buildActionMask = 2147483647;
			files = (
				278DDA592A0E87E100BD7CB1 /* Vehicle.swift in Sources */,
				278DDA5C2A0E87E100BD7CB1 /* SpaceShipObjectAdapter.swift in Sources */,
				278DDA4C2A0E85E700BD7CB1 /* main.swift in Sources */,
				278DDA5A2A0E87E100BD7CB1 /* SpaceShip.swift in Sources */,
				278DDA5B2A0E87E100BD7CB1 /* SpaceShipClassAdapter.swift in Sources */,
				278DDA532A0E873000BD7CB1 /* AdapterApp.swift in Sources */,
			);
			runOnlyForDeploymentPostprocessing = 0;
		};
/* End PBXSourcesBuildPhase section */

/* Begin XCBuildConfiguration section */
		278DDA4D2A0E85E700BD7CB1 /* Debug */ = {
			isa = XCBuildConfiguration;
			buildSettings = {
				ALWAYS_SEARCH_USER_PATHS = NO;
				CLANG_ANALYZER_NONNULL = YES;
				CLANG_ANALYZER_NUMBER_OBJECT_CONVERSION = YES_AGGRESSIVE;
				CLANG_CXX_LANGUAGE_STANDARD = "gnu++20";
				CLANG_ENABLE_MODULES = YES;
				CLANG_ENABLE_OBJC_ARC = YES;
				CLANG_ENABLE_OBJC_WEAK = YES;
				CLANG_WARN_BLOCK_CAPTURE_AUTORELEASING = YES;
				CLANG_WARN_BOOL_CONVERSION = YES;
				CLANG_WARN_COMMA = YES;
				CLANG_WARN_CONSTANT_CONVERSION = YES;
				CLANG_WARN_DEPRECATED_OBJC_IMPLEMENTATIONS = YES;
				CLANG_WARN_DIRECT_OBJC_ISA_USAGE = YES_ERROR;
				CLANG_WARN_DOCUMENTATION_COMMENTS = YES;
				CLANG_WARN_EMPTY_BODY = YES;
				CLANG_WARN_ENUM_CONVERSION = YES;
				CLANG_WARN_INFINITE_RECURSION = YES;
				CLANG_WARN_INT_CONVERSION = YES;
				CLANG_WARN_NON_LITERAL_NULL_CONVERSION = YES;
				CLANG_WARN_OBJC_IMPLICIT_RETAIN_SELF = YES;
				CLANG_WARN_OBJC_LITERAL_CONVERSION = YES;
				CLANG_WARN_OBJC_ROOT_CLASS = YES_ERROR;
				CLANG_WARN_QUOTED_INCLUDE_IN_FRAMEWORK_HEADER = YES;
				CLANG_WARN_RANGE_LOOP_ANALYSIS = YES;
				CLANG_WARN_STRICT_PROTOTYPES = YES;
				CLANG_WARN_SUSPICIOUS_MOVE = YES;
				CLANG_WARN_UNGUARDED_AVAILABILITY = YES_AGGRESSIVE;
				CLANG_WARN_UNREACHABLE_CODE = YES;
				CLANG_WARN__DUPLICATE_METHOD_MATCH = YES;
				COPY_PHASE_STRIP = NO;
				DEBUG_INFORMATION_FORMAT = dwarf;
				ENABLE_STRICT_OBJC_MSGSEND = YES;
				ENABLE_TESTABILITY = YES;
				GCC_C_LANGUAGE_STANDARD = gnu11;
				GCC_DYNAMIC_NO_PIC = NO;
				GCC_NO_COMMON_BLOCKS = YES;
				GCC_OPTIMIZATION_LEVEL = 0;
				GCC_PREPROCESSOR_DEFINITIONS = (
					"DEBUG=1",
					"$(inherited)",
				);
				GCC_WARN_64_TO_32_BIT_CONVERSION = YES;
				GCC_WARN_ABOUT_RETURN_TYPE = YES_ERROR;
				GCC_WARN_UNDECLARED_SELECTOR = YES;
				GCC_WARN_UNINITIALIZED_AUTOS = YES_AGGRESSIVE;
				GCC_WARN_UNUSED_FUNCTION = YES;
				GCC_WARN_UNUSED_VARIABLE = YES;
				MACOSX_DEPLOYMENT_TARGET = 13.3;
				MTL_ENABLE_DEBUG_INFO = INCLUDE_SOURCE;
				MTL_FAST_MATH = YES;
				ONLY_ACTIVE_ARCH = YES;
				SDKROOT = macosx;
				SWIFT_ACTIVE_COMPILATION_CONDITIONS = DEBUG;
				SWIFT_OPTIMIZATION_LEVEL = "-Onone";
			};
			name = Debug;
		};
		278DDA4E2A0E85E700BD7CB1 /* Release */ = {
			isa = XCBuildConfiguration;
			buildSettings = {
				ALWAYS_SEARCH_USER_PATHS = NO;
				CLANG_ANALYZER_NONNULL = YES;
				CLANG_ANALYZER_NUMBER_OBJECT_CONVERSION = YES_AGGRESSIVE;
				CLANG_CXX_LANGUAGE_STANDARD = "gnu++20";
				CLANG_ENABLE_MODULES = YES;
				CLANG_ENABLE_OBJC_ARC = YES;
				CLANG_ENABLE_OBJC_WEAK = YES;
				CLANG_WARN_BLOCK_CAPTURE_AUTORELEASING = YES;
				CLANG_WARN_BOOL_CONVERSION = YES;
				CLANG_WARN_COMMA = YES;
				CLANG_WARN_CONSTANT_CONVERSION = YES;
				CLANG_WARN_DEPRECATED_OBJC_IMPLEMENTATIONS = YES;
				CLANG_WARN_DIRECT_OBJC_ISA_USAGE = YES_ERROR;
				CLANG_WARN_DOCUMENTATION_COMMENTS = YES;
				CLANG_WARN_EMPTY_BODY = YES;
				CLANG_WARN_ENUM_CONVERSION = YES;
				CLANG_WARN_INFINITE_RECURSION = YES;
				CLANG_WARN_INT_CONVERSION = YES;
				CLANG_WARN_NON_LITERAL_NULL_CONVERSION = YES;
				CLANG_WARN_OBJC_IMPLICIT_RETAIN_SELF = YES;
				CLANG_WARN_OBJC_LITERAL_CONVERSION = YES;
				CLANG_WARN_OBJC_ROOT_CLASS = YES_ERROR;
				CLANG_WARN_QUOTED_INCLUDE_IN_FRAMEWORK_HEADER = YES;
				CLANG_WARN_RANGE_LOOP_ANALYSIS = YES;
				CLANG_WARN_STRICT_PROTOTYPES = YES;
				CLANG_WARN_SUSPICIOUS_MOVE = YES;
				CLANG_WARN_UNGUARDED_AVAILABILITY = YES_AGGRESSIVE;
				CLANG_WARN_UNREACHABLE_CODE = YES;
				CLANG_WARN__DUPLICATE_METHOD_MATCH = YES;
				COPY_PHASE_STRIP = NO;
				DEBUG_INFORMATION_FORMAT = "dwarf-with-dsym";
				ENABLE_NS_ASSERTIONS = NO;
				ENABLE_STRICT_OBJC_MSGSEND = YES;
				GCC_C_LANGUAGE_STANDARD = gnu11;
				GCC_NO_COMMON_BLOCKS = YES;
				GCC_WARN_64_TO_32_BIT_CONVERSION = YES;
				GCC_WARN_ABOUT_RETURN_TYPE = YES_ERROR;
				GCC_WARN_UNDECLARED_SELECTOR = YES;
				GCC_WARN_UNINITIALIZED_AUTOS = YES_AGGRESSIVE;
				GCC_WARN_UNUSED_FUNCTION = YES;
				GCC_WARN_UNUSED_VARIABLE = YES;
				MACOSX_DEPLOYMENT_TARGET = 13.3;
				MTL_ENABLE_DEBUG_INFO = NO;
				MTL_FAST_MATH = YES;
				SDKROOT = macosx;
				SWIFT_COMPILATION_MODE = wholemodule;
				SWIFT_OPTIMIZATION_LEVEL = "-O";
			};
			name = Release;
		};
		278DDA502A0E85E700BD7CB1 /* Debug */ = {
			isa = XCBuildConfiguration;
			buildSettings = {
				CODE_SIGN_STYLE = Automatic;
				PRODUCT_NAME = "$(TARGET_NAME)";
				SWIFT_VERSION = 5.0;
			};
			name = Debug;
		};
		278DDA512A0E85E700BD7CB1 /* Release */ = {
			isa = XCBuildConfiguration;
			buildSettings = {
				CODE_SIGN_STYLE = Automatic;
				PRODUCT_NAME = "$(TARGET_NAME)";
				SWIFT_VERSION = 5.0;
			};
			name = Release;
		};
/* End XCBuildConfiguration section */

/* Begin XCConfigurationList section */
		278DDA432A0E85E700BD7CB1 /* Build configuration list for PBXProject "Adapter" */ = {
			isa = XCConfigurationList;
			buildConfigurations = (
				278DDA4D2A0E85E700BD7CB1 /* Debug */,
				278DDA4E2A0E85E700BD7CB1 /* Release */,
			);
			defaultConfigurationIsVisible = 0;
			defaultConfigurationName = Release;
		};
		278DDA4F2A0E85E700BD7CB1 /* Build configuration list for PBXNativeTarget "Adapter" */ = {
			isa = XCConfigurationList;
			buildConfigurations = (
				278DDA502A0E85E700BD7CB1 /* Debug */,
				278DDA512A0E85E700BD7CB1 /* Release */,
			);
			defaultConfigurationIsVisible = 0;
			defaultConfigurationName = Release;
		};
/* End XCConfigurationList section */
	};
	rootObject = 278DDA402A0E85E700BD7CB1 /* Project object */;
}
