// !$*UTF8*$!
{
	archiveVersion = 1;
	classes = {
	};
	objectVersion = 56;
	objects = {

/* Begin PBXBuildFile section */
		2713D15E2A822D980075E873 /* main.swift in Sources */ = {isa = PBXBuildFile; fileRef = 2713D15D2A822D980075E873 /* main.swift */; };
		2713D1722A822E710075E873 /* ProxyApp.swift in Sources */ = {isa = PBXBuildFile; fileRef = 2713D1712A822E710075E873 /* ProxyApp.swift */; };
		2713D18F2A824BAB0075E873 /* BigExpensiveClass.swift in Sources */ = {isa = PBXBuildFile; fileRef = 2713D18E2A824BAB0075E873 /* BigExpensiveClass.swift */; };
		2713D1912A824BC10075E873 /* ProxyOfBigPowerfulClass.swift in Sources */ = {isa = PBXBuildFile; fileRef = 2713D1902A824BC10075E873 /* ProxyOfBigPowerfulClass.swift */; };
		2713D1932A824BCE0075E873 /* CommonInterface.swift in Sources */ = {isa = PBXBuildFile; fileRef = 2713D1922A824BCE0075E873 /* CommonInterface.swift */; };
/* End PBXBuildFile section */

/* Begin PBXCopyFilesBuildPhase section */
		2713D1582A822D980075E873 /* CopyFiles */ = {
			isa = PBXCopyFilesBuildPhase;
			buildActionMask = 2147483647;
			dstPath = /usr/share/man/man1/;
			dstSubfolderSpec = 0;
			files = (
			);
			runOnlyForDeploymentPostprocessing = 1;
		};
/* End PBXCopyFilesBuildPhase section */

/* Begin PBXFileReference section */
		2713D15A2A822D980075E873 /* Proxy */ = {isa = PBXFileReference; explicitFileType = "compiled.mach-o.executable"; includeInIndex = 0; path = Proxy; sourceTree = BUILT_PRODUCTS_DIR; };
		2713D15D2A822D980075E873 /* main.swift */ = {isa = PBXFileReference; lastKnownFileType = sourcecode.swift; path = main.swift; sourceTree = "<group>"; };
		2713D1712A822E710075E873 /* ProxyApp.swift */ = {isa = PBXFileReference; lastKnownFileType = sourcecode.swift; path = ProxyApp.swift; sourceTree = "<group>"; };
		2713D18E2A824BAB0075E873 /* BigExpensiveClass.swift */ = {isa = PBXFileReference; lastKnownFileType = sourcecode.swift; path = BigExpensiveClass.swift; sourceTree = "<group>"; };
		2713D1902A824BC10075E873 /* ProxyOfBigPowerfulClass.swift */ = {isa = PBXFileReference; lastKnownFileType = sourcecode.swift; path = ProxyOfBigPowerfulClass.swift; sourceTree = "<group>"; };
		2713D1922A824BCE0075E873 /* CommonInterface.swift */ = {isa = PBXFileReference; lastKnownFileType = sourcecode.swift; path = CommonInterface.swift; sourceTree = "<group>"; };
/* End PBXFileReference section */

/* Begin PBXFrameworksBuildPhase section */
		2713D1572A822D980075E873 /* Frameworks */ = {
			isa = PBXFrameworksBuildPhase;
			buildActionMask = 2147483647;
			files = (
			);
			runOnlyForDeploymentPostprocessing = 0;
		};
/* End PBXFrameworksBuildPhase section */

/* Begin PBXGroup section */
		2713D1512A822D980075E873 = {
			isa = PBXGroup;
			children = (
				2713D15C2A822D980075E873 /* Proxy */,
				2713D15B2A822D980075E873 /* Products */,
			);
			sourceTree = "<group>";
		};
		2713D15B2A822D980075E873 /* Products */ = {
			isa = PBXGroup;
			children = (
				2713D15A2A822D980075E873 /* Proxy */,
			);
			name = Products;
			sourceTree = "<group>";
		};
		2713D15C2A822D980075E873 /* Proxy */ = {
			isa = PBXGroup;
			children = (
				2713D1702A822E620075E873 /* App */,
				2713D18E2A824BAB0075E873 /* BigExpensiveClass.swift */,
				2713D1902A824BC10075E873 /* ProxyOfBigPowerfulClass.swift */,
				2713D1922A824BCE0075E873 /* CommonInterface.swift */,
			);
			path = Proxy;
			sourceTree = "<group>";
		};
		2713D1702A822E620075E873 /* App */ = {
			isa = PBXGroup;
			children = (
				2713D15D2A822D980075E873 /* main.swift */,
				2713D1712A822E710075E873 /* ProxyApp.swift */,
			);
			path = App;
			sourceTree = "<group>";
		};
/* End PBXGroup section */

/* Begin PBXNativeTarget section */
		2713D1592A822D980075E873 /* Proxy */ = {
			isa = PBXNativeTarget;
			buildConfigurationList = 2713D1612A822D980075E873 /* Build configuration list for PBXNativeTarget "Proxy" */;
			buildPhases = (
				2713D1562A822D980075E873 /* Sources */,
				2713D1572A822D980075E873 /* Frameworks */,
				2713D1582A822D980075E873 /* CopyFiles */,
			);
			buildRules = (
			);
			dependencies = (
			);
			name = Proxy;
			productName = Proxy;
			productReference = 2713D15A2A822D980075E873 /* Proxy */;
			productType = "com.apple.product-type.tool";
		};
/* End PBXNativeTarget section */

/* Begin PBXProject section */
		2713D1522A822D980075E873 /* Project object */ = {
			isa = PBXProject;
			attributes = {
				BuildIndependentTargetsInParallel = 1;
				LastSwiftUpdateCheck = 1430;
				LastUpgradeCheck = 1430;
				TargetAttributes = {
					2713D1592A822D980075E873 = {
						CreatedOnToolsVersion = 14.3;
					};
				};
			};
			buildConfigurationList = 2713D1552A822D980075E873 /* Build configuration list for PBXProject "Proxy" */;
			compatibilityVersion = "Xcode 14.0";
			developmentRegion = en;
			hasScannedForEncodings = 0;
			knownRegions = (
				en,
				Base,
			);
			mainGroup = 2713D1512A822D980075E873;
			productRefGroup = 2713D15B2A822D980075E873 /* Products */;
			projectDirPath = "";
			projectRoot = "";
			targets = (
				2713D1592A822D980075E873 /* Proxy */,
			);
		};
/* End PBXProject section */

/* Begin PBXSourcesBuildPhase section */
		2713D1562A822D980075E873 /* Sources */ = {
			isa = PBXSourcesBuildPhase;
			buildActionMask = 2147483647;
			files = (
				2713D1722A822E710075E873 /* ProxyApp.swift in Sources */,
				2713D18F2A824BAB0075E873 /* BigExpensiveClass.swift in Sources */,
				2713D1932A824BCE0075E873 /* CommonInterface.swift in Sources */,
				2713D15E2A822D980075E873 /* main.swift in Sources */,
				2713D1912A824BC10075E873 /* ProxyOfBigPowerfulClass.swift in Sources */,
			);
			runOnlyForDeploymentPostprocessing = 0;
		};
/* End PBXSourcesBuildPhase section */

/* Begin XCBuildConfiguration section */
		2713D15F2A822D980075E873 /* Debug */ = {
			isa = XCBuildConfiguration;
			buildSettings = {
				ALWAYS_SEARCH_USER_PATHS = NO;
				CLANG_ANALYZER_NONNULL = YES;
				CLANG_ANALYZER_NUMBER_OBJECT_CONVERSION = YES_AGGRESSIVE;
				CLANG_CXX_LANGUAGE_STANDARD = "gnu++20";
				CLANG_ENABLE_MODULES = YES;
				CLANG_ENABLE_OBJC_ARC = YES;
				CLANG_ENABLE_OBJC_WEAK = YES;
				CLANG_WARN_BLOCK_CAPTURE_AUTORELEASING = YES;
				CLANG_WARN_BOOL_CONVERSION = YES;
				CLANG_WARN_COMMA = YES;
				CLANG_WARN_CONSTANT_CONVERSION = YES;
				CLANG_WARN_DEPRECATED_OBJC_IMPLEMENTATIONS = YES;
				CLANG_WARN_DIRECT_OBJC_ISA_USAGE = YES_ERROR;
				CLANG_WARN_DOCUMENTATION_COMMENTS = YES;
				CLANG_WARN_EMPTY_BODY = YES;
				CLANG_WARN_ENUM_CONVERSION = YES;
				CLANG_WARN_INFINITE_RECURSION = YES;
				CLANG_WARN_INT_CONVERSION = YES;
				CLANG_WARN_NON_LITERAL_NULL_CONVERSION = YES;
				CLANG_WARN_OBJC_IMPLICIT_RETAIN_SELF = YES;
				CLANG_WARN_OBJC_LITERAL_CONVERSION = YES;
				CLANG_WARN_OBJC_ROOT_CLASS = YES_ERROR;
				CLANG_WARN_QUOTED_INCLUDE_IN_FRAMEWORK_HEADER = YES;
				CLANG_WARN_RANGE_LOOP_ANALYSIS = YES;
				CLANG_WARN_STRICT_PROTOTYPES = YES;
				CLANG_WARN_SUSPICIOUS_MOVE = YES;
				CLANG_WARN_UNGUARDED_AVAILABILITY = YES_AGGRESSIVE;
				CLANG_WARN_UNREACHABLE_CODE = YES;
				CLANG_WARN__DUPLICATE_METHOD_MATCH = YES;
				COPY_PHASE_STRIP = NO;
				DEBUG_INFORMATION_FORMAT = dwarf;
				ENABLE_STRICT_OBJC_MSGSEND = YES;
				ENABLE_TESTABILITY = YES;
				GCC_C_LANGUAGE_STANDARD = gnu11;
				GCC_DYNAMIC_NO_PIC = NO;
				GCC_NO_COMMON_BLOCKS = YES;
				GCC_OPTIMIZATION_LEVEL = 0;
				GCC_PREPROCESSOR_DEFINITIONS = (
					"DEBUG=1",
					"$(inherited)",
				);
				GCC_WARN_64_TO_32_BIT_CONVERSION = YES;
				GCC_WARN_ABOUT_RETURN_TYPE = YES_ERROR;
				GCC_WARN_UNDECLARED_SELECTOR = YES;
				GCC_WARN_UNINITIALIZED_AUTOS = YES_AGGRESSIVE;
				GCC_WARN_UNUSED_FUNCTION = YES;
				GCC_WARN_UNUSED_VARIABLE = YES;
				MACOSX_DEPLOYMENT_TARGET = 13.3;
				MTL_ENABLE_DEBUG_INFO = INCLUDE_SOURCE;
				MTL_FAST_MATH = YES;
				ONLY_ACTIVE_ARCH = YES;
				SDKROOT = macosx;
				SWIFT_ACTIVE_COMPILATION_CONDITIONS = DEBUG;
				SWIFT_OPTIMIZATION_LEVEL = "-Onone";
			};
			name = Debug;
		};
		2713D1602A822D980075E873 /* Release */ = {
			isa = XCBuildConfiguration;
			buildSettings = {
				ALWAYS_SEARCH_USER_PATHS = NO;
				CLANG_ANALYZER_NONNULL = YES;
				CLANG_ANALYZER_NUMBER_OBJECT_CONVERSION = YES_AGGRESSIVE;
				CLANG_CXX_LANGUAGE_STANDARD = "gnu++20";
				CLANG_ENABLE_MODULES = YES;
				CLANG_ENABLE_OBJC_ARC = YES;
				CLANG_ENABLE_OBJC_WEAK = YES;
				CLANG_WARN_BLOCK_CAPTURE_AUTORELEASING = YES;
				CLANG_WARN_BOOL_CONVERSION = YES;
				CLANG_WARN_COMMA = YES;
				CLANG_WARN_CONSTANT_CONVERSION = YES;
				CLANG_WARN_DEPRECATED_OBJC_IMPLEMENTATIONS = YES;
				CLANG_WARN_DIRECT_OBJC_ISA_USAGE = YES_ERROR;
				CLANG_WARN_DOCUMENTATION_COMMENTS = YES;
				CLANG_WARN_EMPTY_BODY = YES;
				CLANG_WARN_ENUM_CONVERSION = YES;
				CLANG_WARN_INFINITE_RECURSION = YES;
				CLANG_WARN_INT_CONVERSION = YES;
				CLANG_WARN_NON_LITERAL_NULL_CONVERSION = YES;
				CLANG_WARN_OBJC_IMPLICIT_RETAIN_SELF = YES;
				CLANG_WARN_OBJC_LITERAL_CONVERSION = YES;
				CLANG_WARN_OBJC_ROOT_CLASS = YES_ERROR;
				CLANG_WARN_QUOTED_INCLUDE_IN_FRAMEWORK_HEADER = YES;
				CLANG_WARN_RANGE_LOOP_ANALYSIS = YES;
				CLANG_WARN_STRICT_PROTOTYPES = YES;
				CLANG_WARN_SUSPICIOUS_MOVE = YES;
				CLANG_WARN_UNGUARDED_AVAILABILITY = YES_AGGRESSIVE;
				CLANG_WARN_UNREACHABLE_CODE = YES;
				CLANG_WARN__DUPLICATE_METHOD_MATCH = YES;
				COPY_PHASE_STRIP = NO;
				DEBUG_INFORMATION_FORMAT = "dwarf-with-dsym";
				ENABLE_NS_ASSERTIONS = NO;
				ENABLE_STRICT_OBJC_MSGSEND = YES;
				GCC_C_LANGUAGE_STANDARD = gnu11;
				GCC_NO_COMMON_BLOCKS = YES;
				GCC_WARN_64_TO_32_BIT_CONVERSION = YES;
				GCC_WARN_ABOUT_RETURN_TYPE = YES_ERROR;
				GCC_WARN_UNDECLARED_SELECTOR = YES;
				GCC_WARN_UNINITIALIZED_AUTOS = YES_AGGRESSIVE;
				GCC_WARN_UNUSED_FUNCTION = YES;
				GCC_WARN_UNUSED_VARIABLE = YES;
				MACOSX_DEPLOYMENT_TARGET = 13.3;
				MTL_ENABLE_DEBUG_INFO = NO;
				MTL_FAST_MATH = YES;
				SDKROOT = macosx;
				SWIFT_COMPILATION_MODE = wholemodule;
				SWIFT_OPTIMIZATION_LEVEL = "-O";
			};
			name = Release;
		};
		2713D1622A822D980075E873 /* Debug */ = {
			isa = XCBuildConfiguration;
			buildSettings = {
				CODE_SIGN_STYLE = Automatic;
				PRODUCT_NAME = "$(TARGET_NAME)";
				SWIFT_VERSION = 5.0;
			};
			name = Debug;
		};
		2713D1632A822D980075E873 /* Release */ = {
			isa = XCBuildConfiguration;
			buildSettings = {
				CODE_SIGN_STYLE = Automatic;
				PRODUCT_NAME = "$(TARGET_NAME)";
				SWIFT_VERSION = 5.0;
			};
			name = Release;
		};
/* End XCBuildConfiguration section */

/* Begin XCConfigurationList section */
		2713D1552A822D980075E873 /* Build configuration list for PBXProject "Proxy" */ = {
			isa = XCConfigurationList;
			buildConfigurations = (
				2713D15F2A822D980075E873 /* Debug */,
				2713D1602A822D980075E873 /* Release */,
			);
			defaultConfigurationIsVisible = 0;
			defaultConfigurationName = Release;
		};
		2713D1612A822D980075E873 /* Build configuration list for PBXNativeTarget "Proxy" */ = {
			isa = XCConfigurationList;
			buildConfigurations = (
				2713D1622A822D980075E873 /* Debug */,
				2713D1632A822D980075E873 /* Release */,
			);
			defaultConfigurationIsVisible = 0;
			defaultConfigurationName = Release;
		};
/* End XCConfigurationList section */
	};
	rootObject = 2713D1522A822D980075E873 /* Project object */;
}
